
Microsoft Visual Studio Solution File, Format Version 12.00
# Visual Studio 2012
Project("{FAE04EC0-301F-11D3-BF4B-00C04F79EFBC}") = "CSharp.CustomerOrder", "CSharp.CustomerOrder\CSharp.CustomerOrder.csproj", "{72FB9950-3654-48B7-93C9-7E5A9593188F}"
EndProject
Project("{FAE04EC0-301F-11D3-BF4B-00C04F79EFBC}") = "CSharp.CustomerOrder.Tests", "CSharp.CustomerOrder.Tests\CSharp.CustomerOrder.Tests.csproj", "{5D438026-9747-4E3A-B869-9FE72A0504A7}"
EndProject
Global
	GlobalSection(SolutionConfigurationPlatforms) = preSolution
		Debug|Any CPU = Debug|Any CPU
		Release|Any CPU = Release|Any CPU
	EndGlobalSection
	GlobalSection(ProjectConfigurationPlatforms) = postSolution
		{5D438026-9747-4E3A-B869-9FE72A0504A7}.Debug|Any CPU.ActiveCfg = Debug|Any CPU
		{5D438026-9747-4E3A-B869-9FE72A0504A7}.Debug|Any CPU.Build.0 = Debug|Any CPU
		{5D438026-9747-4E3A-B869-9FE72A0504A7}.Release|Any CPU.ActiveCfg = Release|Any CPU
		{5D438026-9747-4E3A-B869-9FE72A0504A7}.Release|Any CPU.Build.0 = Release|Any CPU
		{72FB9950-3654-48B7-93C9-7E5A9593188F}.Debug|Any CPU.ActiveCfg = Debug|Any CPU
		{72FB9950-3654-48B7-93C9-7E5A9593188F}.Debug|Any CPU.Build.0 = Debug|Any CPU
		{72FB9950-3654-48B7-93C9-7E5A9593188F}.Release|Any CPU.ActiveCfg = Release|Any CPU
		{72FB9950-3654-48B7-93C9-7E5A9593188F}.Release|Any CPU.Build.0 = Release|Any CPU
	EndGlobalSection
EndGlobal
